
Microsoft Visual Studio Solution File, Format Version 12.00
# Visual Studio Version 16
VisualStudioVersion = 16.0.810.20
MinimumVisualStudioVersion = 10.0.40219.1
Project("{FAE04EC0-301F-11D3-BF4B-00C04F79EFBC}") = "Exercise8", "Exercise8\Exercise8.csproj", "{5BB5B67C-B51B-4E34-8C70-81810B1A5BD2}"
EndProject
Global
	GlobalSection(SolutionConfigurationPlatforms) = preSolution
		Debug|anycpu = Debug|anycpu
		Release|anycpu = Release|anycpu
	EndGlobalSection
	GlobalSection(ProjectConfigurationPlatforms) = postSolution
		{5BB5B67C-B51B-4E34-8C70-81810B1A5BD2}.Debug|anycpu.ActiveCfg = Debug|anycpu
		{5BB5B67C-B51B-4E34-8C70-81810B1A5BD2}.Debug|anycpu.Build.0 = Debug|anycpu
		{5BB5B67C-B51B-4E34-8C70-81810B1A5BD2}.Release|anycpu.ActiveCfg = Release|anycpu
		{5BB5B67C-B51B-4E34-8C70-81810B1A5BD2}.Release|anycpu.Build.0 = Release|anycpu
	EndGlobalSection
	GlobalSection(SolutionProperties) = preSolution
		HideSolutionNode = FALSE
	EndGlobalSection
	GlobalSection(ExtensibilityGlobals) = postSolution
		SolutionGuid = {2EF44973-0099-48BE-B21C-3BD259082D3F}
	EndGlobalSection
EndGlobal
