
Microsoft Visual Studio Solution File, Format Version 12.00
# Visual Studio Version 16
VisualStudioVersion = 16.0.810.20
MinimumVisualStudioVersion = 10.0.40219.1
Project("{FAE04EC0-301F-11D3-BF4B-00C04F79EFBC}") = "Debuging_a_ConsoleApp", "Debuging_a_ConsoleApp\Debuging_a_ConsoleApp.csproj", "{AC7BD176-54FB-4525-8CE6-942397A7B14C}"
EndProject
Global
	GlobalSection(SolutionConfigurationPlatforms) = preSolution
		Debug|anycpu = Debug|anycpu
		Release|anycpu = Release|anycpu
	EndGlobalSection
	GlobalSection(ProjectConfigurationPlatforms) = postSolution
		{AC7BD176-54FB-4525-8CE6-942397A7B14C}.Debug|anycpu.ActiveCfg = Debug|anycpu
		{AC7BD176-54FB-4525-8CE6-942397A7B14C}.Debug|anycpu.Build.0 = Debug|anycpu
		{AC7BD176-54FB-4525-8CE6-942397A7B14C}.Release|anycpu.ActiveCfg = Release|anycpu
		{AC7BD176-54FB-4525-8CE6-942397A7B14C}.Release|anycpu.Build.0 = Release|anycpu
	EndGlobalSection
	GlobalSection(SolutionProperties) = preSolution
		HideSolutionNode = FALSE
	EndGlobalSection
	GlobalSection(ExtensibilityGlobals) = postSolution
		SolutionGuid = {ECEE7BF4-B873-47EB-A7EF-86AAECA2ED58}
	EndGlobalSection
EndGlobal
