
Microsoft Visual Studio Solution File, Format Version 12.00
# Visual Studio Version 16
VisualStudioVersion = 16.0.810.20
MinimumVisualStudioVersion = 10.0.40219.1
Project("{FAE04EC0-301F-11D3-BF4B-00C04F79EFBC}") = "ReadingDocumentation", "ReadingDocumentation\ReadingDocumentation.csproj", "{CF1ED436-95AB-4BC9-91A4-7231B84815A7}"
EndProject
Global
	GlobalSection(SolutionConfigurationPlatforms) = preSolution
		Debug|anycpu = Debug|anycpu
		Release|anycpu = Release|anycpu
	EndGlobalSection
	GlobalSection(ProjectConfigurationPlatforms) = postSolution
		{CF1ED436-95AB-4BC9-91A4-7231B84815A7}.Debug|anycpu.ActiveCfg = Debug|anycpu
		{CF1ED436-95AB-4BC9-91A4-7231B84815A7}.Debug|anycpu.Build.0 = Debug|anycpu
		{CF1ED436-95AB-4BC9-91A4-7231B84815A7}.Release|anycpu.ActiveCfg = Release|anycpu
		{CF1ED436-95AB-4BC9-91A4-7231B84815A7}.Release|anycpu.Build.0 = Release|anycpu
	EndGlobalSection
	GlobalSection(SolutionProperties) = preSolution
		HideSolutionNode = FALSE
	EndGlobalSection
	GlobalSection(ExtensibilityGlobals) = postSolution
		SolutionGuid = {316F8987-F839-4261-A807-47E6B587F191}
	EndGlobalSection
EndGlobal
